
Microsoft Visual Studio Solution File, Format Version 12.00
# Visual Studio Version 17
VisualStudioVersion = 17.8.34330.188
MinimumVisualStudioVersion = 10.0.40219.1
Project("{FAE04EC0-301F-11D3-BF4B-00C04F79EFBC}") = "6InsertElementAtGivenPositionUsingRecursion", "6InsertElementAtGivenPositionUsingRecursion.csproj", "{44030267-8888-4D2B-B578-C5B58C6CB493}"
EndProject
Global
	GlobalSection(SolutionConfigurationPlatforms) = preSolution
		Debug|Any CPU = Debug|Any CPU
		Release|Any CPU = Release|Any CPU
	EndGlobalSection
	GlobalSection(ProjectConfigurationPlatforms) = postSolution
		{44030267-8888-4D2B-B578-C5B58C6CB493}.Debug|Any CPU.ActiveCfg = Debug|Any CPU
		{44030267-8888-4D2B-B578-C5B58C6CB493}.Debug|Any CPU.Build.0 = Debug|Any CPU
		{44030267-8888-4D2B-B578-C5B58C6CB493}.Release|Any CPU.ActiveCfg = Release|Any CPU
		{44030267-8888-4D2B-B578-C5B58C6CB493}.Release|Any CPU.Build.0 = Release|Any CPU
	EndGlobalSection
	GlobalSection(SolutionProperties) = preSolution
		HideSolutionNode = FALSE
	EndGlobalSection
	GlobalSection(ExtensibilityGlobals) = postSolution
		SolutionGuid = {A9826256-46B7-417F-A3B1-CE2E8A52BC58}
	EndGlobalSection
EndGlobal
