
Microsoft Visual Studio Solution File, Format Version 12.00
# Visual Studio Version 17
VisualStudioVersion = 17.8.34330.188
MinimumVisualStudioVersion = 10.0.40219.1
Project("{FAE04EC0-301F-11D3-BF4B-00C04F79EFBC}") = "23IntersectionOf2unsortedLinkedLists", "23IntersectionOf2unsortedLinkedLists.csproj", "{F96EBAB2-202C-4011-ABCD-DE093B7D69B7}"
EndProject
Global
	GlobalSection(SolutionConfigurationPlatforms) = preSolution
		Debug|Any CPU = Debug|Any CPU
		Release|Any CPU = Release|Any CPU
	EndGlobalSection
	GlobalSection(ProjectConfigurationPlatforms) = postSolution
		{F96EBAB2-202C-4011-ABCD-DE093B7D69B7}.Debug|Any CPU.ActiveCfg = Debug|Any CPU
		{F96EBAB2-202C-4011-ABCD-DE093B7D69B7}.Debug|Any CPU.Build.0 = Debug|Any CPU
		{F96EBAB2-202C-4011-ABCD-DE093B7D69B7}.Release|Any CPU.ActiveCfg = Release|Any CPU
		{F96EBAB2-202C-4011-ABCD-DE093B7D69B7}.Release|Any CPU.Build.0 = Release|Any CPU
	EndGlobalSection
	GlobalSection(SolutionProperties) = preSolution
		HideSolutionNode = FALSE
	EndGlobalSection
	GlobalSection(ExtensibilityGlobals) = postSolution
		SolutionGuid = {5B6CEE1A-8BD7-4E77-B6AE-6562F6029162}
	EndGlobalSection
EndGlobal
