
Microsoft Visual Studio Solution File, Format Version 12.00
# Visual Studio Version 17
VisualStudioVersion = 17.8.34330.188
MinimumVisualStudioVersion = 10.0.40219.1
Project("{FAE04EC0-301F-11D3-BF4B-00C04F79EFBC}") = "10DeleteElementAtGivenPositionRecursion", "10DeleteElementAtGivenPositionRecursion.csproj", "{CC272EE2-31E1-4679-BFF4-71F6FF7927DF}"
EndProject
Global
	GlobalSection(SolutionConfigurationPlatforms) = preSolution
		Debug|Any CPU = Debug|Any CPU
		Release|Any CPU = Release|Any CPU
	EndGlobalSection
	GlobalSection(ProjectConfigurationPlatforms) = postSolution
		{CC272EE2-31E1-4679-BFF4-71F6FF7927DF}.Debug|Any CPU.ActiveCfg = Debug|Any CPU
		{CC272EE2-31E1-4679-BFF4-71F6FF7927DF}.Debug|Any CPU.Build.0 = Debug|Any CPU
		{CC272EE2-31E1-4679-BFF4-71F6FF7927DF}.Release|Any CPU.ActiveCfg = Release|Any CPU
		{CC272EE2-31E1-4679-BFF4-71F6FF7927DF}.Release|Any CPU.Build.0 = Release|Any CPU
	EndGlobalSection
	GlobalSection(SolutionProperties) = preSolution
		HideSolutionNode = FALSE
	EndGlobalSection
	GlobalSection(ExtensibilityGlobals) = postSolution
		SolutionGuid = {FD76E018-3414-4B77-AE2A-894B055CEFD5}
	EndGlobalSection
EndGlobal
