
Microsoft Visual Studio Solution File, Format Version 12.00
# Visual Studio Version 17
VisualStudioVersion = 17.8.34330.188
MinimumVisualStudioVersion = 10.0.40219.1
Project("{FAE04EC0-301F-11D3-BF4B-00C04F79EFBC}") = "25RemoveduplicatesFromLinkedListIterativeRecursion", "25RemoveduplicatesFromLinkedListIterativeRecursion.csproj", "{AEE382FC-EAEE-4DDF-9EF7-D8A0638D0CA7}"
EndProject
Global
	GlobalSection(SolutionConfigurationPlatforms) = preSolution
		Debug|Any CPU = Debug|Any CPU
		Release|Any CPU = Release|Any CPU
	EndGlobalSection
	GlobalSection(ProjectConfigurationPlatforms) = postSolution
		{AEE382FC-EAEE-4DDF-9EF7-D8A0638D0CA7}.Debug|Any CPU.ActiveCfg = Debug|Any CPU
		{AEE382FC-EAEE-4DDF-9EF7-D8A0638D0CA7}.Debug|Any CPU.Build.0 = Debug|Any CPU
		{AEE382FC-EAEE-4DDF-9EF7-D8A0638D0CA7}.Release|Any CPU.ActiveCfg = Release|Any CPU
		{AEE382FC-EAEE-4DDF-9EF7-D8A0638D0CA7}.Release|Any CPU.Build.0 = Release|Any CPU
	EndGlobalSection
	GlobalSection(SolutionProperties) = preSolution
		HideSolutionNode = FALSE
	EndGlobalSection
	GlobalSection(ExtensibilityGlobals) = postSolution
		SolutionGuid = {557F84D1-83A3-4DF8-80C8-C47CAF407D2D}
	EndGlobalSection
EndGlobal
