
Microsoft Visual Studio Solution File, Format Version 12.00
# Visual Studio Version 17
VisualStudioVersion = 17.8.34330.188
MinimumVisualStudioVersion = 10.0.40219.1
Project("{FAE04EC0-301F-11D3-BF4B-00C04F79EFBC}") = "11DeleteElementAtGivenPositionIteration", "11DeleteElementAtGivenPositionIteration.csproj", "{1149F256-D34F-4F42-A499-181CFD05A9DA}"
EndProject
Global
	GlobalSection(SolutionConfigurationPlatforms) = preSolution
		Debug|Any CPU = Debug|Any CPU
		Release|Any CPU = Release|Any CPU
	EndGlobalSection
	GlobalSection(ProjectConfigurationPlatforms) = postSolution
		{1149F256-D34F-4F42-A499-181CFD05A9DA}.Debug|Any CPU.ActiveCfg = Debug|Any CPU
		{1149F256-D34F-4F42-A499-181CFD05A9DA}.Debug|Any CPU.Build.0 = Debug|Any CPU
		{1149F256-D34F-4F42-A499-181CFD05A9DA}.Release|Any CPU.ActiveCfg = Release|Any CPU
		{1149F256-D34F-4F42-A499-181CFD05A9DA}.Release|Any CPU.Build.0 = Release|Any CPU
	EndGlobalSection
	GlobalSection(SolutionProperties) = preSolution
		HideSolutionNode = FALSE
	EndGlobalSection
	GlobalSection(ExtensibilityGlobals) = postSolution
		SolutionGuid = {16D93742-D45F-4BD1-AC5F-D7B0BF207762}
	EndGlobalSection
EndGlobal
